
Microsoft Visual Studio Solution File, Format Version 12.00
# Visual Studio Version 17
VisualStudioVersion = 17.7.34221.43
MinimumVisualStudioVersion = 10.0.40219.1
Project("{9A19103F-16F7-4668-BE54-9A1E7A4F7556}") = "ImportWiki", "ImportWiki.csproj", "{4D48C45F-9BC9-43A8-B0BF-1382222741E2}"
EndProject
Global
	GlobalSection(SolutionConfigurationPlatforms) = preSolution
		Debug|Any CPU = Debug|Any CPU
		Release|Any CPU = Release|Any CPU
	EndGlobalSection
	GlobalSection(ProjectConfigurationPlatforms) = postSolution
		{4D48C45F-9BC9-43A8-B0BF-1382222741E2}.Debug|Any CPU.ActiveCfg = Debug|Any CPU
		{4D48C45F-9BC9-43A8-B0BF-1382222741E2}.Debug|Any CPU.Build.0 = Debug|Any CPU
		{4D48C45F-9BC9-43A8-B0BF-1382222741E2}.Release|Any CPU.ActiveCfg = Release|Any CPU
		{4D48C45F-9BC9-43A8-B0BF-1382222741E2}.Release|Any CPU.Build.0 = Release|Any CPU
	EndGlobalSection
	GlobalSection(SolutionProperties) = preSolution
		HideSolutionNode = FALSE
	EndGlobalSection
	GlobalSection(ExtensibilityGlobals) = postSolution
		SolutionGuid = {2B5BE0E3-DBC1-4566-8CFA-7B5723ED2FB9}
	EndGlobalSection
EndGlobal
